
Microsoft Visual Studio Solution File, Format Version 12.00
# Visual Studio 15
VisualStudioVersion = 15.0.26430.14
MinimumVisualStudioVersion = 10.0.40219.1
Project("{8BC9CEB8-8B4A-11D0-8D11-00A0C91BC942}") = "538 CppStack", "538 CPP Stack\CppStack.vcxproj", "{8D96FC34-1A46-4A30-AF7F-26939C7D52B1}"
EndProject
Project("{8BC9CEB8-8B4A-11D0-8D11-00A0C91BC942}") = "548 CPP 14", "548 CPP CPP14\Cpp14.vcxproj", "{EC228590-3639-472D-9836-5440AD57C3C1}"
EndProject
Project("{8BC9CEB8-8B4A-11D0-8D11-00A0C91BC942}") = "609 CPP Arith2", "609 CPP Arith2\CppArith2.vcxproj", "{98469F72-3805-4A09-B138-099ECCA9C63F}"
EndProject
Project("{8BC9CEB8-8B4A-11D0-8D11-00A0C91BC942}") = "555 CPP Complex", "555 CPP Complex\CppComplex.vcxproj", "{B8971B99-39F1-41A1-AE42-07A663033D48}"
EndProject
Project("{8BC9CEB8-8B4A-11D0-8D11-00A0C91BC942}") = "554 CPP Containers", "554 CPP Containers\CppContainers.vcxproj", "{375A64B9-8269-4903-8E22-D9380175633E}"
EndProject
Project("{8BC9CEB8-8B4A-11D0-8D11-00A0C91BC942}") = "550a CPP Copy and Move constructors", "550a CPP Copy and Move constructors\CppCopyAndMoveConstructorsA.vcxproj", "{03D76342-EF96-4B9E-BB23-C43C9B420638}"
EndProject
Project("{8BC9CEB8-8B4A-11D0-8D11-00A0C91BC942}") = "550b CPP Copy and Move constructors", "550b CPP Copy and Move constructors\CppCopyAndMoveConstructorsB.vcxproj", "{88DB2A8E-D313-467B-8388-BBAE40E80B5A}"
EndProject
Project("{8BC9CEB8-8B4A-11D0-8D11-00A0C91BC942}") = "546 Dynamic CPP", "546 CPP Dynamic\CppDynamic.vcxproj", "{6F1DBF73-103D-468D-B7C7-CF1F3B0364BA}"
EndProject
Project("{8BC9CEB8-8B4A-11D0-8D11-00A0C91BC942}") = "615 CPP Exceptions", "615 CPP Exceptions\CppExceptions.vcxproj", "{7AB5779C-C50B-4EC4-A851-12BAD16020DC}"
EndProject
Project("{8BC9CEB8-8B4A-11D0-8D11-00A0C91BC942}") = "552 CPP For_each", "552 CPP For_each\CppForEach.vcxproj", "{3B3F53A5-6C1A-4731-9977-B460DEFC754D}"
EndProject
Project("{8BC9CEB8-8B4A-11D0-8D11-00A0C91BC942}") = "620 CPP Interfaces using abstract", "620 CPP Interfaces using abstract\CppInterfaces.vcxproj", "{F7F21525-213D-46CD-AD40-17B54BC0F1EA}"
EndProject
Project("{8BC9CEB8-8B4A-11D0-8D11-00A0C91BC942}") = "625 CPP IOStream", "625 CPP IOStream\CppIOStream.vcxproj", "{07FA7E07-1BCC-42B9-91AF-64A076A5BF2A}"
EndProject
Project("{8BC9CEB8-8B4A-11D0-8D11-00A0C91BC942}") = "612 CPP Laby", "612 CPP Laby\CppLaby.vcxproj", "{55374C4A-85FB-4587-9FE7-243D506C33CB}"
EndProject
Project("{8BC9CEB8-8B4A-11D0-8D11-00A0C91BC942}") = "551 CPP Lambdas", "551 CPP Lambdas\CppLambdas.vcxproj", "{8361BACF-7B53-45D9-8CCA-161C8CC33E1D}"
EndProject
Project("{8BC9CEB8-8B4A-11D0-8D11-00A0C91BC942}") = "629 CPP Misc", "629 CPP Misc\CppMisc.vcxproj", "{B586730D-1724-4625-B916-04FBDB1A76A1}"
EndProject
Project("{8BC9CEB8-8B4A-11D0-8D11-00A0C91BC942}") = "630 CPP Parallelism", "630 CPP Parallelism\CppParallelism.vcxproj", "{822AB613-AE7B-482C-8680-05B8C319DBEB}"
EndProject
Project("{8BC9CEB8-8B4A-11D0-8D11-00A0C91BC942}") = "622 CPP Perfect forwarding", "622 CPP Perfect forwarding\CppPerfectForwarding.vcxproj", "{211DB4B4-08C2-4B77-8560-A49FD5EBE2C7}"
EndProject
Project("{8BC9CEB8-8B4A-11D0-8D11-00A0C91BC942}") = "613 CPP Pimpl Complex", "613 CPP Pimpl Complex\CppPimplComplex.vcxproj", "{DC378800-6BFB-4A11-A31E-A91FA269DE29}"
EndProject
Project("{8BC9CEB8-8B4A-11D0-8D11-00A0C91BC942}") = "618 CPP Pointer to member", "618 CPP Pointer to member\CppPointerToMember.vcxproj", "{7320F6BB-AE22-4FA5-8509-3C9A2679F647}"
EndProject
Project("{8BC9CEB8-8B4A-11D0-8D11-00A0C91BC942}") = "614 CPP Range-based loops", "614 CPP Range-based loops\CppRangeBasedLoops.vcxproj", "{A9698FFA-B7D3-464C-B49D-5A44D454A8A1}"
EndProject
Project("{8BC9CEB8-8B4A-11D0-8D11-00A0C91BC942}") = "617 CPP Ref RefRef Ref-Spec", "617 CPP Ref RefRef Ref-Spec\CppRefRef.vcxproj", "{54A1E671-01C5-49A1-8069-8BA0ABE6D6F1}"
EndProject
Project("{8BC9CEB8-8B4A-11D0-8D11-00A0C91BC942}") = "624 CPP Regex", "624 CPP Regex\CppRegex.vcxproj", "{6CD68363-04E7-4CAF-B06A-048C2B045ABF}"
EndProject
Project("{8BC9CEB8-8B4A-11D0-8D11-00A0C91BC942}") = "553 CPP Rvalues References", "553 CPP Rvalues References\CppRValuesReferences.vcxproj", "{2319B099-0CB6-430B-B8DD-ED7FA51C9778}"
EndProject
Project("{8BC9CEB8-8B4A-11D0-8D11-00A0C91BC942}") = "545 CPP Smart Pointers", "545 CPP Smart Pointers\CppSmartPointers.vcxproj", "{B5531283-A0CC-487F-A332-97FC034B86C3}"
EndProject
Project("{8BC9CEB8-8B4A-11D0-8D11-00A0C91BC942}") = "628 CPP Stream Iterators", "628 CPP Stream Iterators\CppStreamIterators.vcxproj", "{A179D47D-45CA-4891-9BC3-79F308FC261B}"
EndProject
Project("{8BC9CEB8-8B4A-11D0-8D11-00A0C91BC942}") = "616 CPP Strings", "616 CPP Strings\CppStrings.vcxproj", "{143BABCA-D9B3-4F4A-977D-FE23D1F53C6F}"
EndProject
Project("{8BC9CEB8-8B4A-11D0-8D11-00A0C91BC942}") = "623 CPP Stroustrup", "623 CPP Stroustrup\CppStroustrup.vcxproj", "{C45E0B33-5159-4508-9B60-CA4ECE2673BA}"
EndProject
Project("{8BC9CEB8-8B4A-11D0-8D11-00A0C91BC942}") = "626 CPP Unordered_max cplx_hasher", "626 CPP Unordered_map cplx_hasher\CppUnorderedMapHasher.vcxproj", "{306F18CD-23B6-459C-BBE3-C35CE639E406}"
EndProject
Project("{8BC9CEB8-8B4A-11D0-8D11-00A0C91BC942}") = "627 CPP Use of Iterators", "627 CPP Use of Iterators\CppUseOfIterators.vcxproj", "{741262C5-D566-42F8-8CE1-F68467E48B0D}"
EndProject
Project("{8BC9CEB8-8B4A-11D0-8D11-00A0C91BC942}") = "610 CPP Variable templates", "610 CPP Variable templates\CppVariableTemplates.vcxproj", "{A760CA20-4903-421F-91C3-241BEF1DC266}"
EndProject
Project("{8BC9CEB8-8B4A-11D0-8D11-00A0C91BC942}") = "621 CPP Variadic", "621 CPP Variadic\CPPVariadic.vcxproj", "{5CBDF24C-DF37-49C5-A556-8E8A221DA594}"
EndProject
Project("{8BC9CEB8-8B4A-11D0-8D11-00A0C91BC942}") = "631 CPP Forward", "631 CPP Forward\631 CPP Forward.vcxproj", "{53491397-1FC1-4BC9-B89B-0164596AEA69}"
EndProject
Global
	GlobalSection(SolutionConfigurationPlatforms) = preSolution
		Debug|x64 = Debug|x64
		Debug|x86 = Debug|x86
		Release|x64 = Release|x64
		Release|x86 = Release|x86
	EndGlobalSection
	GlobalSection(ProjectConfigurationPlatforms) = postSolution
		{8D96FC34-1A46-4A30-AF7F-26939C7D52B1}.Debug|x64.ActiveCfg = Debug|x64
		{8D96FC34-1A46-4A30-AF7F-26939C7D52B1}.Debug|x64.Build.0 = Debug|x64
		{8D96FC34-1A46-4A30-AF7F-26939C7D52B1}.Debug|x86.ActiveCfg = Debug|Win32
		{8D96FC34-1A46-4A30-AF7F-26939C7D52B1}.Debug|x86.Build.0 = Debug|Win32
		{8D96FC34-1A46-4A30-AF7F-26939C7D52B1}.Release|x64.ActiveCfg = Release|x64
		{8D96FC34-1A46-4A30-AF7F-26939C7D52B1}.Release|x64.Build.0 = Release|x64
		{8D96FC34-1A46-4A30-AF7F-26939C7D52B1}.Release|x86.ActiveCfg = Release|Win32
		{8D96FC34-1A46-4A30-AF7F-26939C7D52B1}.Release|x86.Build.0 = Release|Win32
		{EC228590-3639-472D-9836-5440AD57C3C1}.Debug|x64.ActiveCfg = Debug|x64
		{EC228590-3639-472D-9836-5440AD57C3C1}.Debug|x64.Build.0 = Debug|x64
		{EC228590-3639-472D-9836-5440AD57C3C1}.Debug|x86.ActiveCfg = Debug|Win32
		{EC228590-3639-472D-9836-5440AD57C3C1}.Debug|x86.Build.0 = Debug|Win32
		{EC228590-3639-472D-9836-5440AD57C3C1}.Release|x64.ActiveCfg = Release|x64
		{EC228590-3639-472D-9836-5440AD57C3C1}.Release|x64.Build.0 = Release|x64
		{EC228590-3639-472D-9836-5440AD57C3C1}.Release|x86.ActiveCfg = Release|Win32
		{EC228590-3639-472D-9836-5440AD57C3C1}.Release|x86.Build.0 = Release|Win32
		{98469F72-3805-4A09-B138-099ECCA9C63F}.Debug|x64.ActiveCfg = Debug|x64
		{98469F72-3805-4A09-B138-099ECCA9C63F}.Debug|x64.Build.0 = Debug|x64
		{98469F72-3805-4A09-B138-099ECCA9C63F}.Debug|x86.ActiveCfg = Debug|Win32
		{98469F72-3805-4A09-B138-099ECCA9C63F}.Debug|x86.Build.0 = Debug|Win32
		{98469F72-3805-4A09-B138-099ECCA9C63F}.Release|x64.ActiveCfg = Release|x64
		{98469F72-3805-4A09-B138-099ECCA9C63F}.Release|x64.Build.0 = Release|x64
		{98469F72-3805-4A09-B138-099ECCA9C63F}.Release|x86.ActiveCfg = Release|Win32
		{98469F72-3805-4A09-B138-099ECCA9C63F}.Release|x86.Build.0 = Release|Win32
		{B8971B99-39F1-41A1-AE42-07A663033D48}.Debug|x64.ActiveCfg = Debug|x64
		{B8971B99-39F1-41A1-AE42-07A663033D48}.Debug|x64.Build.0 = Debug|x64
		{B8971B99-39F1-41A1-AE42-07A663033D48}.Debug|x86.ActiveCfg = Debug|Win32
		{B8971B99-39F1-41A1-AE42-07A663033D48}.Debug|x86.Build.0 = Debug|Win32
		{B8971B99-39F1-41A1-AE42-07A663033D48}.Release|x64.ActiveCfg = Release|x64
		{B8971B99-39F1-41A1-AE42-07A663033D48}.Release|x64.Build.0 = Release|x64
		{B8971B99-39F1-41A1-AE42-07A663033D48}.Release|x86.ActiveCfg = Release|Win32
		{B8971B99-39F1-41A1-AE42-07A663033D48}.Release|x86.Build.0 = Release|Win32
		{375A64B9-8269-4903-8E22-D9380175633E}.Debug|x64.ActiveCfg = Debug|x64
		{375A64B9-8269-4903-8E22-D9380175633E}.Debug|x64.Build.0 = Debug|x64
		{375A64B9-8269-4903-8E22-D9380175633E}.Debug|x86.ActiveCfg = Debug|Win32
		{375A64B9-8269-4903-8E22-D9380175633E}.Debug|x86.Build.0 = Debug|Win32
		{375A64B9-8269-4903-8E22-D9380175633E}.Release|x64.ActiveCfg = Release|x64
		{375A64B9-8269-4903-8E22-D9380175633E}.Release|x64.Build.0 = Release|x64
		{375A64B9-8269-4903-8E22-D9380175633E}.Release|x86.ActiveCfg = Release|Win32
		{375A64B9-8269-4903-8E22-D9380175633E}.Release|x86.Build.0 = Release|Win32
		{03D76342-EF96-4B9E-BB23-C43C9B420638}.Debug|x64.ActiveCfg = Debug|x64
		{03D76342-EF96-4B9E-BB23-C43C9B420638}.Debug|x64.Build.0 = Debug|x64
		{03D76342-EF96-4B9E-BB23-C43C9B420638}.Debug|x86.ActiveCfg = Debug|Win32
		{03D76342-EF96-4B9E-BB23-C43C9B420638}.Debug|x86.Build.0 = Debug|Win32
		{03D76342-EF96-4B9E-BB23-C43C9B420638}.Release|x64.ActiveCfg = Release|x64
		{03D76342-EF96-4B9E-BB23-C43C9B420638}.Release|x64.Build.0 = Release|x64
		{03D76342-EF96-4B9E-BB23-C43C9B420638}.Release|x86.ActiveCfg = Release|Win32
		{03D76342-EF96-4B9E-BB23-C43C9B420638}.Release|x86.Build.0 = Release|Win32
		{88DB2A8E-D313-467B-8388-BBAE40E80B5A}.Debug|x64.ActiveCfg = Debug|x64
		{88DB2A8E-D313-467B-8388-BBAE40E80B5A}.Debug|x64.Build.0 = Debug|x64
		{88DB2A8E-D313-467B-8388-BBAE40E80B5A}.Debug|x86.ActiveCfg = Debug|Win32
		{88DB2A8E-D313-467B-8388-BBAE40E80B5A}.Debug|x86.Build.0 = Debug|Win32
		{88DB2A8E-D313-467B-8388-BBAE40E80B5A}.Release|x64.ActiveCfg = Release|x64
		{88DB2A8E-D313-467B-8388-BBAE40E80B5A}.Release|x64.Build.0 = Release|x64
		{88DB2A8E-D313-467B-8388-BBAE40E80B5A}.Release|x86.ActiveCfg = Release|Win32
		{88DB2A8E-D313-467B-8388-BBAE40E80B5A}.Release|x86.Build.0 = Release|Win32
		{6F1DBF73-103D-468D-B7C7-CF1F3B0364BA}.Debug|x64.ActiveCfg = Debug|x64
		{6F1DBF73-103D-468D-B7C7-CF1F3B0364BA}.Debug|x64.Build.0 = Debug|x64
		{6F1DBF73-103D-468D-B7C7-CF1F3B0364BA}.Debug|x86.ActiveCfg = Debug|Win32
		{6F1DBF73-103D-468D-B7C7-CF1F3B0364BA}.Debug|x86.Build.0 = Debug|Win32
		{6F1DBF73-103D-468D-B7C7-CF1F3B0364BA}.Release|x64.ActiveCfg = Release|x64
		{6F1DBF73-103D-468D-B7C7-CF1F3B0364BA}.Release|x64.Build.0 = Release|x64
		{6F1DBF73-103D-468D-B7C7-CF1F3B0364BA}.Release|x86.ActiveCfg = Release|Win32
		{6F1DBF73-103D-468D-B7C7-CF1F3B0364BA}.Release|x86.Build.0 = Release|Win32
		{7AB5779C-C50B-4EC4-A851-12BAD16020DC}.Debug|x64.ActiveCfg = Debug|x64
		{7AB5779C-C50B-4EC4-A851-12BAD16020DC}.Debug|x64.Build.0 = Debug|x64
		{7AB5779C-C50B-4EC4-A851-12BAD16020DC}.Debug|x86.ActiveCfg = Debug|Win32
		{7AB5779C-C50B-4EC4-A851-12BAD16020DC}.Debug|x86.Build.0 = Debug|Win32
		{7AB5779C-C50B-4EC4-A851-12BAD16020DC}.Release|x64.ActiveCfg = Release|x64
		{7AB5779C-C50B-4EC4-A851-12BAD16020DC}.Release|x64.Build.0 = Release|x64
		{7AB5779C-C50B-4EC4-A851-12BAD16020DC}.Release|x86.ActiveCfg = Release|Win32
		{7AB5779C-C50B-4EC4-A851-12BAD16020DC}.Release|x86.Build.0 = Release|Win32
		{3B3F53A5-6C1A-4731-9977-B460DEFC754D}.Debug|x64.ActiveCfg = Debug|x64
		{3B3F53A5-6C1A-4731-9977-B460DEFC754D}.Debug|x64.Build.0 = Debug|x64
		{3B3F53A5-6C1A-4731-9977-B460DEFC754D}.Debug|x86.ActiveCfg = Debug|Win32
		{3B3F53A5-6C1A-4731-9977-B460DEFC754D}.Debug|x86.Build.0 = Debug|Win32
		{3B3F53A5-6C1A-4731-9977-B460DEFC754D}.Release|x64.ActiveCfg = Release|x64
		{3B3F53A5-6C1A-4731-9977-B460DEFC754D}.Release|x64.Build.0 = Release|x64
		{3B3F53A5-6C1A-4731-9977-B460DEFC754D}.Release|x86.ActiveCfg = Release|Win32
		{3B3F53A5-6C1A-4731-9977-B460DEFC754D}.Release|x86.Build.0 = Release|Win32
		{F7F21525-213D-46CD-AD40-17B54BC0F1EA}.Debug|x64.ActiveCfg = Debug|x64
		{F7F21525-213D-46CD-AD40-17B54BC0F1EA}.Debug|x64.Build.0 = Debug|x64
		{F7F21525-213D-46CD-AD40-17B54BC0F1EA}.Debug|x86.ActiveCfg = Debug|Win32
		{F7F21525-213D-46CD-AD40-17B54BC0F1EA}.Debug|x86.Build.0 = Debug|Win32
		{F7F21525-213D-46CD-AD40-17B54BC0F1EA}.Release|x64.ActiveCfg = Release|x64
		{F7F21525-213D-46CD-AD40-17B54BC0F1EA}.Release|x64.Build.0 = Release|x64
		{F7F21525-213D-46CD-AD40-17B54BC0F1EA}.Release|x86.ActiveCfg = Release|Win32
		{F7F21525-213D-46CD-AD40-17B54BC0F1EA}.Release|x86.Build.0 = Release|Win32
		{07FA7E07-1BCC-42B9-91AF-64A076A5BF2A}.Debug|x64.ActiveCfg = Debug|x64
		{07FA7E07-1BCC-42B9-91AF-64A076A5BF2A}.Debug|x64.Build.0 = Debug|x64
		{07FA7E07-1BCC-42B9-91AF-64A076A5BF2A}.Debug|x86.ActiveCfg = Debug|Win32
		{07FA7E07-1BCC-42B9-91AF-64A076A5BF2A}.Debug|x86.Build.0 = Debug|Win32
		{07FA7E07-1BCC-42B9-91AF-64A076A5BF2A}.Release|x64.ActiveCfg = Release|x64
		{07FA7E07-1BCC-42B9-91AF-64A076A5BF2A}.Release|x64.Build.0 = Release|x64
		{07FA7E07-1BCC-42B9-91AF-64A076A5BF2A}.Release|x86.ActiveCfg = Release|Win32
		{07FA7E07-1BCC-42B9-91AF-64A076A5BF2A}.Release|x86.Build.0 = Release|Win32
		{55374C4A-85FB-4587-9FE7-243D506C33CB}.Debug|x64.ActiveCfg = Debug|x64
		{55374C4A-85FB-4587-9FE7-243D506C33CB}.Debug|x64.Build.0 = Debug|x64
		{55374C4A-85FB-4587-9FE7-243D506C33CB}.Debug|x86.ActiveCfg = Debug|Win32
		{55374C4A-85FB-4587-9FE7-243D506C33CB}.Debug|x86.Build.0 = Debug|Win32
		{55374C4A-85FB-4587-9FE7-243D506C33CB}.Release|x64.ActiveCfg = Release|x64
		{55374C4A-85FB-4587-9FE7-243D506C33CB}.Release|x64.Build.0 = Release|x64
		{55374C4A-85FB-4587-9FE7-243D506C33CB}.Release|x86.ActiveCfg = Release|Win32
		{55374C4A-85FB-4587-9FE7-243D506C33CB}.Release|x86.Build.0 = Release|Win32
		{8361BACF-7B53-45D9-8CCA-161C8CC33E1D}.Debug|x64.ActiveCfg = Debug|x64
		{8361BACF-7B53-45D9-8CCA-161C8CC33E1D}.Debug|x64.Build.0 = Debug|x64
		{8361BACF-7B53-45D9-8CCA-161C8CC33E1D}.Debug|x86.ActiveCfg = Debug|Win32
		{8361BACF-7B53-45D9-8CCA-161C8CC33E1D}.Debug|x86.Build.0 = Debug|Win32
		{8361BACF-7B53-45D9-8CCA-161C8CC33E1D}.Release|x64.ActiveCfg = Release|x64
		{8361BACF-7B53-45D9-8CCA-161C8CC33E1D}.Release|x64.Build.0 = Release|x64
		{8361BACF-7B53-45D9-8CCA-161C8CC33E1D}.Release|x86.ActiveCfg = Release|Win32
		{8361BACF-7B53-45D9-8CCA-161C8CC33E1D}.Release|x86.Build.0 = Release|Win32
		{B586730D-1724-4625-B916-04FBDB1A76A1}.Debug|x64.ActiveCfg = Debug|x64
		{B586730D-1724-4625-B916-04FBDB1A76A1}.Debug|x64.Build.0 = Debug|x64
		{B586730D-1724-4625-B916-04FBDB1A76A1}.Debug|x86.ActiveCfg = Debug|Win32
		{B586730D-1724-4625-B916-04FBDB1A76A1}.Debug|x86.Build.0 = Debug|Win32
		{B586730D-1724-4625-B916-04FBDB1A76A1}.Release|x64.ActiveCfg = Release|x64
		{B586730D-1724-4625-B916-04FBDB1A76A1}.Release|x64.Build.0 = Release|x64
		{B586730D-1724-4625-B916-04FBDB1A76A1}.Release|x86.ActiveCfg = Release|Win32
		{B586730D-1724-4625-B916-04FBDB1A76A1}.Release|x86.Build.0 = Release|Win32
		{822AB613-AE7B-482C-8680-05B8C319DBEB}.Debug|x64.ActiveCfg = Debug|x64
		{822AB613-AE7B-482C-8680-05B8C319DBEB}.Debug|x64.Build.0 = Debug|x64
		{822AB613-AE7B-482C-8680-05B8C319DBEB}.Debug|x86.ActiveCfg = Debug|Win32
		{822AB613-AE7B-482C-8680-05B8C319DBEB}.Debug|x86.Build.0 = Debug|Win32
		{822AB613-AE7B-482C-8680-05B8C319DBEB}.Release|x64.ActiveCfg = Release|x64
		{822AB613-AE7B-482C-8680-05B8C319DBEB}.Release|x64.Build.0 = Release|x64
		{822AB613-AE7B-482C-8680-05B8C319DBEB}.Release|x86.ActiveCfg = Release|Win32
		{822AB613-AE7B-482C-8680-05B8C319DBEB}.Release|x86.Build.0 = Release|Win32
		{211DB4B4-08C2-4B77-8560-A49FD5EBE2C7}.Debug|x64.ActiveCfg = Debug|x64
		{211DB4B4-08C2-4B77-8560-A49FD5EBE2C7}.Debug|x64.Build.0 = Debug|x64
		{211DB4B4-08C2-4B77-8560-A49FD5EBE2C7}.Debug|x86.ActiveCfg = Debug|Win32
		{211DB4B4-08C2-4B77-8560-A49FD5EBE2C7}.Debug|x86.Build.0 = Debug|Win32
		{211DB4B4-08C2-4B77-8560-A49FD5EBE2C7}.Release|x64.ActiveCfg = Release|x64
		{211DB4B4-08C2-4B77-8560-A49FD5EBE2C7}.Release|x64.Build.0 = Release|x64
		{211DB4B4-08C2-4B77-8560-A49FD5EBE2C7}.Release|x86.ActiveCfg = Release|Win32
		{211DB4B4-08C2-4B77-8560-A49FD5EBE2C7}.Release|x86.Build.0 = Release|Win32
		{DC378800-6BFB-4A11-A31E-A91FA269DE29}.Debug|x64.ActiveCfg = Debug|x64
		{DC378800-6BFB-4A11-A31E-A91FA269DE29}.Debug|x64.Build.0 = Debug|x64
		{DC378800-6BFB-4A11-A31E-A91FA269DE29}.Debug|x86.ActiveCfg = Debug|Win32
		{DC378800-6BFB-4A11-A31E-A91FA269DE29}.Debug|x86.Build.0 = Debug|Win32
		{DC378800-6BFB-4A11-A31E-A91FA269DE29}.Release|x64.ActiveCfg = Release|x64
		{DC378800-6BFB-4A11-A31E-A91FA269DE29}.Release|x64.Build.0 = Release|x64
		{DC378800-6BFB-4A11-A31E-A91FA269DE29}.Release|x86.ActiveCfg = Release|Win32
		{DC378800-6BFB-4A11-A31E-A91FA269DE29}.Release|x86.Build.0 = Release|Win32
		{7320F6BB-AE22-4FA5-8509-3C9A2679F647}.Debug|x64.ActiveCfg = Debug|x64
		{7320F6BB-AE22-4FA5-8509-3C9A2679F647}.Debug|x64.Build.0 = Debug|x64
		{7320F6BB-AE22-4FA5-8509-3C9A2679F647}.Debug|x86.ActiveCfg = Debug|Win32
		{7320F6BB-AE22-4FA5-8509-3C9A2679F647}.Debug|x86.Build.0 = Debug|Win32
		{7320F6BB-AE22-4FA5-8509-3C9A2679F647}.Release|x64.ActiveCfg = Release|x64
		{7320F6BB-AE22-4FA5-8509-3C9A2679F647}.Release|x64.Build.0 = Release|x64
		{7320F6BB-AE22-4FA5-8509-3C9A2679F647}.Release|x86.ActiveCfg = Release|Win32
		{7320F6BB-AE22-4FA5-8509-3C9A2679F647}.Release|x86.Build.0 = Release|Win32
		{A9698FFA-B7D3-464C-B49D-5A44D454A8A1}.Debug|x64.ActiveCfg = Debug|x64
		{A9698FFA-B7D3-464C-B49D-5A44D454A8A1}.Debug|x64.Build.0 = Debug|x64
		{A9698FFA-B7D3-464C-B49D-5A44D454A8A1}.Debug|x86.ActiveCfg = Debug|Win32
		{A9698FFA-B7D3-464C-B49D-5A44D454A8A1}.Debug|x86.Build.0 = Debug|Win32
		{A9698FFA-B7D3-464C-B49D-5A44D454A8A1}.Release|x64.ActiveCfg = Release|x64
		{A9698FFA-B7D3-464C-B49D-5A44D454A8A1}.Release|x64.Build.0 = Release|x64
		{A9698FFA-B7D3-464C-B49D-5A44D454A8A1}.Release|x86.ActiveCfg = Release|Win32
		{A9698FFA-B7D3-464C-B49D-5A44D454A8A1}.Release|x86.Build.0 = Release|Win32
		{54A1E671-01C5-49A1-8069-8BA0ABE6D6F1}.Debug|x64.ActiveCfg = Debug|x64
		{54A1E671-01C5-49A1-8069-8BA0ABE6D6F1}.Debug|x64.Build.0 = Debug|x64
		{54A1E671-01C5-49A1-8069-8BA0ABE6D6F1}.Debug|x86.ActiveCfg = Debug|Win32
		{54A1E671-01C5-49A1-8069-8BA0ABE6D6F1}.Debug|x86.Build.0 = Debug|Win32
		{54A1E671-01C5-49A1-8069-8BA0ABE6D6F1}.Release|x64.ActiveCfg = Release|x64
		{54A1E671-01C5-49A1-8069-8BA0ABE6D6F1}.Release|x64.Build.0 = Release|x64
		{54A1E671-01C5-49A1-8069-8BA0ABE6D6F1}.Release|x86.ActiveCfg = Release|Win32
		{54A1E671-01C5-49A1-8069-8BA0ABE6D6F1}.Release|x86.Build.0 = Release|Win32
		{6CD68363-04E7-4CAF-B06A-048C2B045ABF}.Debug|x64.ActiveCfg = Debug|x64
		{6CD68363-04E7-4CAF-B06A-048C2B045ABF}.Debug|x64.Build.0 = Debug|x64
		{6CD68363-04E7-4CAF-B06A-048C2B045ABF}.Debug|x86.ActiveCfg = Debug|Win32
		{6CD68363-04E7-4CAF-B06A-048C2B045ABF}.Debug|x86.Build.0 = Debug|Win32
		{6CD68363-04E7-4CAF-B06A-048C2B045ABF}.Release|x64.ActiveCfg = Release|x64
		{6CD68363-04E7-4CAF-B06A-048C2B045ABF}.Release|x64.Build.0 = Release|x64
		{6CD68363-04E7-4CAF-B06A-048C2B045ABF}.Release|x86.ActiveCfg = Release|Win32
		{6CD68363-04E7-4CAF-B06A-048C2B045ABF}.Release|x86.Build.0 = Release|Win32
		{2319B099-0CB6-430B-B8DD-ED7FA51C9778}.Debug|x64.ActiveCfg = Debug|x64
		{2319B099-0CB6-430B-B8DD-ED7FA51C9778}.Debug|x64.Build.0 = Debug|x64
		{2319B099-0CB6-430B-B8DD-ED7FA51C9778}.Debug|x86.ActiveCfg = Debug|Win32
		{2319B099-0CB6-430B-B8DD-ED7FA51C9778}.Debug|x86.Build.0 = Debug|Win32
		{2319B099-0CB6-430B-B8DD-ED7FA51C9778}.Release|x64.ActiveCfg = Release|x64
		{2319B099-0CB6-430B-B8DD-ED7FA51C9778}.Release|x64.Build.0 = Release|x64
		{2319B099-0CB6-430B-B8DD-ED7FA51C9778}.Release|x86.ActiveCfg = Release|Win32
		{2319B099-0CB6-430B-B8DD-ED7FA51C9778}.Release|x86.Build.0 = Release|Win32
		{B5531283-A0CC-487F-A332-97FC034B86C3}.Debug|x64.ActiveCfg = Debug|x64
		{B5531283-A0CC-487F-A332-97FC034B86C3}.Debug|x64.Build.0 = Debug|x64
		{B5531283-A0CC-487F-A332-97FC034B86C3}.Debug|x86.ActiveCfg = Debug|Win32
		{B5531283-A0CC-487F-A332-97FC034B86C3}.Debug|x86.Build.0 = Debug|Win32
		{B5531283-A0CC-487F-A332-97FC034B86C3}.Release|x64.ActiveCfg = Release|x64
		{B5531283-A0CC-487F-A332-97FC034B86C3}.Release|x64.Build.0 = Release|x64
		{B5531283-A0CC-487F-A332-97FC034B86C3}.Release|x86.ActiveCfg = Release|Win32
		{B5531283-A0CC-487F-A332-97FC034B86C3}.Release|x86.Build.0 = Release|Win32
		{A179D47D-45CA-4891-9BC3-79F308FC261B}.Debug|x64.ActiveCfg = Debug|x64
		{A179D47D-45CA-4891-9BC3-79F308FC261B}.Debug|x64.Build.0 = Debug|x64
		{A179D47D-45CA-4891-9BC3-79F308FC261B}.Debug|x86.ActiveCfg = Debug|Win32
		{A179D47D-45CA-4891-9BC3-79F308FC261B}.Debug|x86.Build.0 = Debug|Win32
		{A179D47D-45CA-4891-9BC3-79F308FC261B}.Release|x64.ActiveCfg = Release|x64
		{A179D47D-45CA-4891-9BC3-79F308FC261B}.Release|x64.Build.0 = Release|x64
		{A179D47D-45CA-4891-9BC3-79F308FC261B}.Release|x86.ActiveCfg = Release|Win32
		{A179D47D-45CA-4891-9BC3-79F308FC261B}.Release|x86.Build.0 = Release|Win32
		{143BABCA-D9B3-4F4A-977D-FE23D1F53C6F}.Debug|x64.ActiveCfg = Debug|x64
		{143BABCA-D9B3-4F4A-977D-FE23D1F53C6F}.Debug|x64.Build.0 = Debug|x64
		{143BABCA-D9B3-4F4A-977D-FE23D1F53C6F}.Debug|x86.ActiveCfg = Debug|Win32
		{143BABCA-D9B3-4F4A-977D-FE23D1F53C6F}.Debug|x86.Build.0 = Debug|Win32
		{143BABCA-D9B3-4F4A-977D-FE23D1F53C6F}.Release|x64.ActiveCfg = Release|x64
		{143BABCA-D9B3-4F4A-977D-FE23D1F53C6F}.Release|x64.Build.0 = Release|x64
		{143BABCA-D9B3-4F4A-977D-FE23D1F53C6F}.Release|x86.ActiveCfg = Release|Win32
		{143BABCA-D9B3-4F4A-977D-FE23D1F53C6F}.Release|x86.Build.0 = Release|Win32
		{C45E0B33-5159-4508-9B60-CA4ECE2673BA}.Debug|x64.ActiveCfg = Debug|x64
		{C45E0B33-5159-4508-9B60-CA4ECE2673BA}.Debug|x64.Build.0 = Debug|x64
		{C45E0B33-5159-4508-9B60-CA4ECE2673BA}.Debug|x86.ActiveCfg = Debug|Win32
		{C45E0B33-5159-4508-9B60-CA4ECE2673BA}.Debug|x86.Build.0 = Debug|Win32
		{C45E0B33-5159-4508-9B60-CA4ECE2673BA}.Release|x64.ActiveCfg = Release|x64
		{C45E0B33-5159-4508-9B60-CA4ECE2673BA}.Release|x64.Build.0 = Release|x64
		{C45E0B33-5159-4508-9B60-CA4ECE2673BA}.Release|x86.ActiveCfg = Release|Win32
		{C45E0B33-5159-4508-9B60-CA4ECE2673BA}.Release|x86.Build.0 = Release|Win32
		{306F18CD-23B6-459C-BBE3-C35CE639E406}.Debug|x64.ActiveCfg = Debug|x64
		{306F18CD-23B6-459C-BBE3-C35CE639E406}.Debug|x64.Build.0 = Debug|x64
		{306F18CD-23B6-459C-BBE3-C35CE639E406}.Debug|x86.ActiveCfg = Debug|Win32
		{306F18CD-23B6-459C-BBE3-C35CE639E406}.Debug|x86.Build.0 = Debug|Win32
		{306F18CD-23B6-459C-BBE3-C35CE639E406}.Release|x64.ActiveCfg = Release|x64
		{306F18CD-23B6-459C-BBE3-C35CE639E406}.Release|x64.Build.0 = Release|x64
		{306F18CD-23B6-459C-BBE3-C35CE639E406}.Release|x86.ActiveCfg = Release|Win32
		{306F18CD-23B6-459C-BBE3-C35CE639E406}.Release|x86.Build.0 = Release|Win32
		{741262C5-D566-42F8-8CE1-F68467E48B0D}.Debug|x64.ActiveCfg = Debug|x64
		{741262C5-D566-42F8-8CE1-F68467E48B0D}.Debug|x64.Build.0 = Debug|x64
		{741262C5-D566-42F8-8CE1-F68467E48B0D}.Debug|x86.ActiveCfg = Debug|Win32
		{741262C5-D566-42F8-8CE1-F68467E48B0D}.Debug|x86.Build.0 = Debug|Win32
		{741262C5-D566-42F8-8CE1-F68467E48B0D}.Release|x64.ActiveCfg = Release|x64
		{741262C5-D566-42F8-8CE1-F68467E48B0D}.Release|x64.Build.0 = Release|x64
		{741262C5-D566-42F8-8CE1-F68467E48B0D}.Release|x86.ActiveCfg = Release|Win32
		{741262C5-D566-42F8-8CE1-F68467E48B0D}.Release|x86.Build.0 = Release|Win32
		{A760CA20-4903-421F-91C3-241BEF1DC266}.Debug|x64.ActiveCfg = Debug|x64
		{A760CA20-4903-421F-91C3-241BEF1DC266}.Debug|x64.Build.0 = Debug|x64
		{A760CA20-4903-421F-91C3-241BEF1DC266}.Debug|x86.ActiveCfg = Debug|Win32
		{A760CA20-4903-421F-91C3-241BEF1DC266}.Debug|x86.Build.0 = Debug|Win32
		{A760CA20-4903-421F-91C3-241BEF1DC266}.Release|x64.ActiveCfg = Release|x64
		{A760CA20-4903-421F-91C3-241BEF1DC266}.Release|x64.Build.0 = Release|x64
		{A760CA20-4903-421F-91C3-241BEF1DC266}.Release|x86.ActiveCfg = Release|Win32
		{A760CA20-4903-421F-91C3-241BEF1DC266}.Release|x86.Build.0 = Release|Win32
		{5CBDF24C-DF37-49C5-A556-8E8A221DA594}.Debug|x64.ActiveCfg = Debug|x64
		{5CBDF24C-DF37-49C5-A556-8E8A221DA594}.Debug|x64.Build.0 = Debug|x64
		{5CBDF24C-DF37-49C5-A556-8E8A221DA594}.Debug|x86.ActiveCfg = Debug|Win32
		{5CBDF24C-DF37-49C5-A556-8E8A221DA594}.Debug|x86.Build.0 = Debug|Win32
		{5CBDF24C-DF37-49C5-A556-8E8A221DA594}.Release|x64.ActiveCfg = Release|x64
		{5CBDF24C-DF37-49C5-A556-8E8A221DA594}.Release|x64.Build.0 = Release|x64
		{5CBDF24C-DF37-49C5-A556-8E8A221DA594}.Release|x86.ActiveCfg = Release|Win32
		{5CBDF24C-DF37-49C5-A556-8E8A221DA594}.Release|x86.Build.0 = Release|Win32
		{53491397-1FC1-4BC9-B89B-0164596AEA69}.Debug|x64.ActiveCfg = Debug|x64
		{53491397-1FC1-4BC9-B89B-0164596AEA69}.Debug|x64.Build.0 = Debug|x64
		{53491397-1FC1-4BC9-B89B-0164596AEA69}.Debug|x86.ActiveCfg = Debug|Win32
		{53491397-1FC1-4BC9-B89B-0164596AEA69}.Debug|x86.Build.0 = Debug|Win32
		{53491397-1FC1-4BC9-B89B-0164596AEA69}.Release|x64.ActiveCfg = Release|x64
		{53491397-1FC1-4BC9-B89B-0164596AEA69}.Release|x64.Build.0 = Release|x64
		{53491397-1FC1-4BC9-B89B-0164596AEA69}.Release|x86.ActiveCfg = Release|Win32
		{53491397-1FC1-4BC9-B89B-0164596AEA69}.Release|x86.Build.0 = Release|Win32
	EndGlobalSection
	GlobalSection(SolutionProperties) = preSolution
		HideSolutionNode = FALSE
	EndGlobalSection
EndGlobal
