
Microsoft Visual Studio Solution File, Format Version 12.00
# Visual Studio Version 17
VisualStudioVersion = 17.0.31612.314
MinimumVisualStudioVersion = 10.0.40219.1
Project("{8BC9CEB8-8B4A-11D0-8D11-00A0C91BC942}") = "630_Parallelism", "630_Parallelism.vcxproj", "{822AB613-AE7B-482C-8680-05B8C319DBEB}"
EndProject
Global
	GlobalSection(SolutionConfigurationPlatforms) = preSolution
		Debug|x64 = Debug|x64
		Debug|x86 = Debug|x86
		Release|x64 = Release|x64
		Release|x86 = Release|x86
	EndGlobalSection
	GlobalSection(ProjectConfigurationPlatforms) = postSolution
		{822AB613-AE7B-482C-8680-05B8C319DBEB}.Debug|x64.ActiveCfg = Debug|x64
		{822AB613-AE7B-482C-8680-05B8C319DBEB}.Debug|x64.Build.0 = Debug|x64
		{822AB613-AE7B-482C-8680-05B8C319DBEB}.Debug|x86.ActiveCfg = Debug|Win32
		{822AB613-AE7B-482C-8680-05B8C319DBEB}.Debug|x86.Build.0 = Debug|Win32
		{822AB613-AE7B-482C-8680-05B8C319DBEB}.Release|x64.ActiveCfg = Release|x64
		{822AB613-AE7B-482C-8680-05B8C319DBEB}.Release|x64.Build.0 = Release|x64
		{822AB613-AE7B-482C-8680-05B8C319DBEB}.Release|x86.ActiveCfg = Release|Win32
		{822AB613-AE7B-482C-8680-05B8C319DBEB}.Release|x86.Build.0 = Release|Win32
	EndGlobalSection
	GlobalSection(SolutionProperties) = preSolution
		HideSolutionNode = FALSE
	EndGlobalSection
	GlobalSection(ExtensibilityGlobals) = postSolution
		SolutionGuid = {BAF37A6A-72FC-4D9E-A44C-5B5B7A50199F}
	EndGlobalSection
EndGlobal
